
Microsoft Visual Studio Solution File, Format Version 12.00
# Visual Studio Version 17
VisualStudioVersion = 17.4.33213.308
MinimumVisualStudioVersion = 10.0.40219.1
Project("{FAE04EC0-301F-11D3-BF4B-00C04F79EFBC}") = "TextEditing", "TextEditing.csproj", "{08CBAB8A-82E9-48B5-89A0-6A94D7E3C0D8}"
EndProject
Global
	GlobalSection(SolutionConfigurationPlatforms) = preSolution
		Debug|Any CPU = Debug|Any CPU
		Release|Any CPU = Release|Any CPU
	EndGlobalSection
	GlobalSection(ProjectConfigurationPlatforms) = postSolution
		{08CBAB8A-82E9-48B5-89A0-6A94D7E3C0D8}.Debug|Any CPU.ActiveCfg = Debug|Any CPU
		{08CBAB8A-82E9-48B5-89A0-6A94D7E3C0D8}.Debug|Any CPU.Build.0 = Debug|Any CPU
		{08CBAB8A-82E9-48B5-89A0-6A94D7E3C0D8}.Release|Any CPU.ActiveCfg = Release|Any CPU
		{08CBAB8A-82E9-48B5-89A0-6A94D7E3C0D8}.Release|Any CPU.Build.0 = Release|Any CPU
	EndGlobalSection
	GlobalSection(SolutionProperties) = preSolution
		HideSolutionNode = FALSE
	EndGlobalSection
	GlobalSection(ExtensibilityGlobals) = postSolution
		SolutionGuid = {82686937-CB57-4E48-AF90-A0B3BAA158A2}
	EndGlobalSection
EndGlobal
